
Microsoft Visual Studio Solution File, Format Version 12.00
Project("{F2A71F9B-5D33-465A-A702-920D77279786}") = "YuutoConverter", "YuutoConverter\YuutoConverter.fsproj", "{759E20EF-40F7-4084-985D-40474E90BA2C}"
EndProject
Global
	GlobalSection(SolutionConfigurationPlatforms) = preSolution
		Debug|Any CPU = Debug|Any CPU
		Release|Any CPU = Release|Any CPU
	EndGlobalSection
	GlobalSection(ProjectConfigurationPlatforms) = postSolution
		{759E20EF-40F7-4084-985D-40474E90BA2C}.Debug|Any CPU.ActiveCfg = Debug|Any CPU
		{759E20EF-40F7-4084-985D-40474E90BA2C}.Debug|Any CPU.Build.0 = Debug|Any CPU
		{759E20EF-40F7-4084-985D-40474E90BA2C}.Release|Any CPU.ActiveCfg = Release|Any CPU
		{759E20EF-40F7-4084-985D-40474E90BA2C}.Release|Any CPU.Build.0 = Release|Any CPU
	EndGlobalSection
EndGlobal
